
Microsoft Visual Studio Solution File, Format Version 12.00
Project("{FAE04EC0-301F-11D3-BF4B-00C04F79EFBC}") = "minimal-api", "minimal-api\minimal-api.csproj", "{BD976041-B84A-4B39-AEEB-0FEBBEC4E538}"
EndProject
Project("{FAE04EC0-301F-11D3-BF4B-00C04F79EFBC}") = "minimal-mvc", "minimal-mvc\minimal-mvc.csproj", "{B03A0DC9-5334-4861-8DAE-07D5B36EEC80}"
EndProject
Global
	GlobalSection(SolutionConfigurationPlatforms) = preSolution
		Debug|Any CPU = Debug|Any CPU
		Release|Any CPU = Release|Any CPU
	EndGlobalSection
	GlobalSection(ProjectConfigurationPlatforms) = postSolution
		{BD976041-B84A-4B39-AEEB-0FEBBEC4E538}.Debug|Any CPU.ActiveCfg = Debug|Any CPU
		{BD976041-B84A-4B39-AEEB-0FEBBEC4E538}.Debug|Any CPU.Build.0 = Debug|Any CPU
		{BD976041-B84A-4B39-AEEB-0FEBBEC4E538}.Release|Any CPU.ActiveCfg = Release|Any CPU
		{BD976041-B84A-4B39-AEEB-0FEBBEC4E538}.Release|Any CPU.Build.0 = Release|Any CPU
		{B03A0DC9-5334-4861-8DAE-07D5B36EEC80}.Debug|Any CPU.ActiveCfg = Debug|Any CPU
		{B03A0DC9-5334-4861-8DAE-07D5B36EEC80}.Debug|Any CPU.Build.0 = Debug|Any CPU
		{B03A0DC9-5334-4861-8DAE-07D5B36EEC80}.Release|Any CPU.ActiveCfg = Release|Any CPU
		{B03A0DC9-5334-4861-8DAE-07D5B36EEC80}.Release|Any CPU.Build.0 = Release|Any CPU
	EndGlobalSection
EndGlobal
